
Microsoft Visual Studio Solution File, Format Version 12.00
# Visual Studio 15
VisualStudioVersion = 15.0.27130.2027
MinimumVisualStudioVersion = 10.0.40219.1
Project("{FAE04EC0-301F-11D3-BF4B-00C04F79EFBC}") = "MomondoBot", "MomondoBot\MomondoBot.csproj", "{DD76EAE4-962B-49FF-8EDA-1B37F0C422C0}"
EndProject
Global
	GlobalSection(SolutionConfigurationPlatforms) = preSolution
		Debug|Any CPU = Debug|Any CPU
		Release|Any CPU = Release|Any CPU
	EndGlobalSection
	GlobalSection(ProjectConfigurationPlatforms) = postSolution
		{DD76EAE4-962B-49FF-8EDA-1B37F0C422C0}.Debug|Any CPU.ActiveCfg = Debug|Any CPU
		{DD76EAE4-962B-49FF-8EDA-1B37F0C422C0}.Debug|Any CPU.Build.0 = Debug|Any CPU
		{DD76EAE4-962B-49FF-8EDA-1B37F0C422C0}.Release|Any CPU.ActiveCfg = Release|Any CPU
		{DD76EAE4-962B-49FF-8EDA-1B37F0C422C0}.Release|Any CPU.Build.0 = Release|Any CPU
	EndGlobalSection
	GlobalSection(SolutionProperties) = preSolution
		HideSolutionNode = FALSE
	EndGlobalSection
	GlobalSection(ExtensibilityGlobals) = postSolution
		SolutionGuid = {711DC1EE-94D6-45A0-9626-444963E81776}
	EndGlobalSection
EndGlobal
